{
  "name": "palletpro-core",
  "lockfileVersion": 3,
  "requires": true,
  "packages": {
    "": {
      "dependencies": {
        "nano": "^11.0.5"
      }
    },
    "node_modules/nano": {
      "version": "11.0.5",
      "resolved": "https://registry.npmjs.org/nano/-/nano-11.0.5.tgz",
      "integrity": "sha512-yLYmFH7S33OWYPAG12wNqMR6l9hC3qOWLbr7hZPqKBVKO8BYhAaLlWENeJEpPY8Rm12lGvzKWBp8LGEgWhEqmw==",
      "license": "Apache-2.0",
      "engines": {
        "node": ">=20.0"
      }
    }
  }
}
